
Microsoft Visual Studio Solution File, Format Version 12.00
# Visual Studio Version 17
VisualStudioVersion = 17.11.35303.130
MinimumVisualStudioVersion = 10.0.40219.1
Project("{FAE04EC0-301F-11D3-BF4B-00C04F79EFBC}") = "Server", "Server\Server.csproj", "{C3F2BFD6-0E66-4E7D-859F-76A25A805B70}"
EndProject
Project("{FAE04EC0-301F-11D3-BF4B-00C04F79EFBC}") = "Client", "Client\Client.csproj", "{2669E92C-7005-4F61-9C6E-9171B4CAF238}"
EndProject
Project("{FAE04EC0-301F-11D3-BF4B-00C04F79EFBC}") = "BaseLibrary", "BaseLibrary\BaseLibrary.csproj", "{D2EFDE5A-8A6C-456E-8D20-84DC8349D191}"
EndProject
Project("{FAE04EC0-301F-11D3-BF4B-00C04F79EFBC}") = "ClientLibrary", "ClientLibrary\ClientLibrary.csproj", "{9EEAC133-EE8A-4D5C-957E-A80D493249E1}"
EndProject
Project("{FAE04EC0-301F-11D3-BF4B-00C04F79EFBC}") = "ServerLibrary", "ServerLibrary\ServerLibrary.csproj", "{017E7995-7EBE-4337-81CE-BC36B4FA18D7}"
EndProject
Global
	GlobalSection(SolutionConfigurationPlatforms) = preSolution
		Debug|Any CPU = Debug|Any CPU
		Release|Any CPU = Release|Any CPU
	EndGlobalSection
	GlobalSection(ProjectConfigurationPlatforms) = postSolution
		{C3F2BFD6-0E66-4E7D-859F-76A25A805B70}.Debug|Any CPU.ActiveCfg = Debug|Any CPU
		{C3F2BFD6-0E66-4E7D-859F-76A25A805B70}.Debug|Any CPU.Build.0 = Debug|Any CPU
		{C3F2BFD6-0E66-4E7D-859F-76A25A805B70}.Release|Any CPU.ActiveCfg = Release|Any CPU
		{C3F2BFD6-0E66-4E7D-859F-76A25A805B70}.Release|Any CPU.Build.0 = Release|Any CPU
		{2669E92C-7005-4F61-9C6E-9171B4CAF238}.Debug|Any CPU.ActiveCfg = Debug|Any CPU
		{2669E92C-7005-4F61-9C6E-9171B4CAF238}.Debug|Any CPU.Build.0 = Debug|Any CPU
		{2669E92C-7005-4F61-9C6E-9171B4CAF238}.Release|Any CPU.ActiveCfg = Release|Any CPU
		{2669E92C-7005-4F61-9C6E-9171B4CAF238}.Release|Any CPU.Build.0 = Release|Any CPU
		{D2EFDE5A-8A6C-456E-8D20-84DC8349D191}.Debug|Any CPU.ActiveCfg = Debug|Any CPU
		{D2EFDE5A-8A6C-456E-8D20-84DC8349D191}.Debug|Any CPU.Build.0 = Debug|Any CPU
		{D2EFDE5A-8A6C-456E-8D20-84DC8349D191}.Release|Any CPU.ActiveCfg = Release|Any CPU
		{D2EFDE5A-8A6C-456E-8D20-84DC8349D191}.Release|Any CPU.Build.0 = Release|Any CPU
		{9EEAC133-EE8A-4D5C-957E-A80D493249E1}.Debug|Any CPU.ActiveCfg = Debug|Any CPU
		{9EEAC133-EE8A-4D5C-957E-A80D493249E1}.Debug|Any CPU.Build.0 = Debug|Any CPU
		{9EEAC133-EE8A-4D5C-957E-A80D493249E1}.Release|Any CPU.ActiveCfg = Release|Any CPU
		{9EEAC133-EE8A-4D5C-957E-A80D493249E1}.Release|Any CPU.Build.0 = Release|Any CPU
		{017E7995-7EBE-4337-81CE-BC36B4FA18D7}.Debug|Any CPU.ActiveCfg = Debug|Any CPU
		{017E7995-7EBE-4337-81CE-BC36B4FA18D7}.Debug|Any CPU.Build.0 = Debug|Any CPU
		{017E7995-7EBE-4337-81CE-BC36B4FA18D7}.Release|Any CPU.ActiveCfg = Release|Any CPU
		{017E7995-7EBE-4337-81CE-BC36B4FA18D7}.Release|Any CPU.Build.0 = Release|Any CPU
	EndGlobalSection
	GlobalSection(SolutionProperties) = preSolution
		HideSolutionNode = FALSE
	EndGlobalSection
	GlobalSection(ExtensibilityGlobals) = postSolution
		SolutionGuid = {F4021793-1CAE-48B9-947D-5AB5A19D6C4A}
	EndGlobalSection
EndGlobal
